
Microsoft Visual Studio Solution File, Format Version 12.00
# Visual Studio Version 16
VisualStudioVersion = 16.0.31205.134
MinimumVisualStudioVersion = 10.0.40219.1
Project("{888888A0-9F3D-457C-B088-3A5042F75D52}") = "docxIntegratedTxt", "docxIntegratedTxt\docxIntegratedTxt.pyproj", "{B7CFBB63-C6F0-4542-AA06-74EA82A878D8}"
EndProject
Global
	GlobalSection(SolutionConfigurationPlatforms) = preSolution
		Debug|Any CPU = Debug|Any CPU
		Release|Any CPU = Release|Any CPU
	EndGlobalSection
	GlobalSection(ProjectConfigurationPlatforms) = postSolution
		{B7CFBB63-C6F0-4542-AA06-74EA82A878D8}.Debug|Any CPU.ActiveCfg = Debug|Any CPU
		{B7CFBB63-C6F0-4542-AA06-74EA82A878D8}.Release|Any CPU.ActiveCfg = Release|Any CPU
	EndGlobalSection
	GlobalSection(SolutionProperties) = preSolution
		HideSolutionNode = FALSE
	EndGlobalSection
	GlobalSection(ExtensibilityGlobals) = postSolution
		SolutionGuid = {A609C5F2-D879-43F7-9DF8-70B210C1FE06}
	EndGlobalSection
EndGlobal
